{
  "nodes": {
    "flake-utils": {
      "locked": {
        "lastModified": 1680776469,
        "narHash": "sha256-3CXUDK/3q/kieWtdsYpDOBJw3Gw4Af6x+2EiSnIkNQw=",
        "owner": "numtide",
        "repo": "flake-utils",
        "rev": "411e8764155aa9354dbcd6d5faaeb97e9e3dce24",
        "type": "github"
      },
      "original": {
        "owner": "numtide",
        "repo": "flake-utils",
        "type": "github"
      }
    },
    "nixpkgs": {
      "locked": {
        "lastModified": 1680882415,
        "narHash": "sha256-trt2pwLDu1+kEtp3bx2DiYgg8CFWNbes+ujdAtSBO/U=",
        "owner": "NixOS",
        "repo": "nixpkgs",
        "rev": "cd07e0258cf73e1bcbd0c9abc5513baa091ee801",
        "type": "github"
      },
      "original": {
        "owner": "NixOS",
        "repo": "nixpkgs",
        "type": "github"
      }
    },
    "root": {
      "inputs": {
        "flake-utils": "flake-utils",
        "nixpkgs": "nixpkgs",
        "tezos": "tezos"
      }
    },
    "tezos": {
      "flake": false,
      "locked": {
        "lastModified": 1687541149,
        "narHash": "sha256-NETwhj9RL+Vo4W+4s5sm+hX6F/WSKuAf60gz9q2J22c=",
        "owner": "tezos",
        "repo": "tezos",
        "rev": "09ce1338940b3df5906b817b69134e0234ff0dee",
        "type": "gitlab"
      },
      "original": {
        "owner": "tezos",
        "repo": "tezos",
        "type": "gitlab"
      }
    }
  },
  "root": "root",
  "version": 7
}
